
Microsoft Visual Studio Solution File, Format Version 9.00
# Visual Studio 2005
Project("{FAE04EC0-301F-11D3-BF4B-00C04F79EFBC}") = "wherugo", "wherugo\wherugo.csproj", "{F8769155-F131-417C-97EE-0E6B0290116D}"
EndProject
Project("{FAE04EC0-301F-11D3-BF4B-00C04F79EFBC}") = "controls", "controls\controls.csproj", "{1F9D170F-9957-43E6-9FCD-C6712EB488B9}"
EndProject
Project("{FAE04EC0-301F-11D3-BF4B-00C04F79EFBC}") = "lua", "lua\lua.csproj", "{F5A824E4-012D-4EB0-BD0B-9066B68A38F9}"
EndProject
Project("{FAE04EC0-301F-11D3-BF4B-00C04F79EFBC}") = "communication", "communication\communication.csproj", "{8F97E4F5-1494-4BC0-8CAD-9994BD13F231}"
EndProject
Project("{FAE04EC0-301F-11D3-BF4B-00C04F79EFBC}") = "cartridges", "cartridges\cartridges.csproj", "{84D21330-7A8B-44AE-A67B-3621CABB7AB3}"
EndProject
Global
	GlobalSection(SolutionConfigurationPlatforms) = preSolution
		Debug|Any CPU = Debug|Any CPU
		Release|Any CPU = Release|Any CPU
	EndGlobalSection
	GlobalSection(ProjectConfigurationPlatforms) = postSolution
		{F8769155-F131-417C-97EE-0E6B0290116D}.Debug|Any CPU.ActiveCfg = Debug|Any CPU
		{F8769155-F131-417C-97EE-0E6B0290116D}.Debug|Any CPU.Build.0 = Debug|Any CPU
		{F8769155-F131-417C-97EE-0E6B0290116D}.Debug|Any CPU.Deploy.0 = Debug|Any CPU
		{F8769155-F131-417C-97EE-0E6B0290116D}.Release|Any CPU.ActiveCfg = Release|Any CPU
		{F8769155-F131-417C-97EE-0E6B0290116D}.Release|Any CPU.Build.0 = Release|Any CPU
		{F8769155-F131-417C-97EE-0E6B0290116D}.Release|Any CPU.Deploy.0 = Release|Any CPU
		{1F9D170F-9957-43E6-9FCD-C6712EB488B9}.Debug|Any CPU.ActiveCfg = Debug|Any CPU
		{1F9D170F-9957-43E6-9FCD-C6712EB488B9}.Debug|Any CPU.Build.0 = Debug|Any CPU
		{1F9D170F-9957-43E6-9FCD-C6712EB488B9}.Release|Any CPU.ActiveCfg = Release|Any CPU
		{1F9D170F-9957-43E6-9FCD-C6712EB488B9}.Release|Any CPU.Build.0 = Release|Any CPU
		{F5A824E4-012D-4EB0-BD0B-9066B68A38F9}.Debug|Any CPU.ActiveCfg = Debug|Any CPU
		{F5A824E4-012D-4EB0-BD0B-9066B68A38F9}.Debug|Any CPU.Build.0 = Debug|Any CPU
		{F5A824E4-012D-4EB0-BD0B-9066B68A38F9}.Release|Any CPU.ActiveCfg = Release|Any CPU
		{F5A824E4-012D-4EB0-BD0B-9066B68A38F9}.Release|Any CPU.Build.0 = Release|Any CPU
		{8F97E4F5-1494-4BC0-8CAD-9994BD13F231}.Debug|Any CPU.ActiveCfg = Debug|Any CPU
		{8F97E4F5-1494-4BC0-8CAD-9994BD13F231}.Debug|Any CPU.Build.0 = Debug|Any CPU
		{8F97E4F5-1494-4BC0-8CAD-9994BD13F231}.Release|Any CPU.ActiveCfg = Release|Any CPU
		{8F97E4F5-1494-4BC0-8CAD-9994BD13F231}.Release|Any CPU.Build.0 = Release|Any CPU
		{84D21330-7A8B-44AE-A67B-3621CABB7AB3}.Debug|Any CPU.ActiveCfg = Debug|Any CPU
		{84D21330-7A8B-44AE-A67B-3621CABB7AB3}.Debug|Any CPU.Build.0 = Debug|Any CPU
		{84D21330-7A8B-44AE-A67B-3621CABB7AB3}.Release|Any CPU.ActiveCfg = Release|Any CPU
		{84D21330-7A8B-44AE-A67B-3621CABB7AB3}.Release|Any CPU.Build.0 = Release|Any CPU
	EndGlobalSection
	GlobalSection(SolutionProperties) = preSolution
		HideSolutionNode = FALSE
	EndGlobalSection
EndGlobal
