
Microsoft Visual Studio Solution File, Format Version 9.00
# Visual Studio 2005
Project("{FAE04EC0-301F-11D3-BF4B-00C04F79EFBC}") = "wherugo.decoder", "wherugo.decoder\wherugo.decoder.csproj", "{2E6418B5-479A-4499-8F08-ABA181D40B89}"
	ProjectSection(WebsiteProperties) = preProject
		Debug.AspNetCompiler.Debug = "True"
		Release.AspNetCompiler.Debug = "False"
	EndProjectSection
EndProject
Project("{FAE04EC0-301F-11D3-BF4B-00C04F79EFBC}") = "cartridges", "..\cartridges\cartridges.csproj", "{264D3B8D-D034-4B05-A80B-4664B7DF14C4}"
	ProjectSection(WebsiteProperties) = preProject
		Debug.AspNetCompiler.Debug = "True"
		Release.AspNetCompiler.Debug = "False"
	EndProjectSection
EndProject
Project("{FAE04EC0-301F-11D3-BF4B-00C04F79EFBC}") = "shared", "..\shared\shared.csproj", "{D6DF7046-DD06-4778-AD7F-9117AA477129}"
	ProjectSection(WebsiteProperties) = preProject
		Debug.AspNetCompiler.Debug = "True"
		Release.AspNetCompiler.Debug = "False"
	EndProjectSection
EndProject
Project("{FAE04EC0-301F-11D3-BF4B-00C04F79EFBC}") = "lua", "..\lua\lua.csproj", "{05A8831E-F33B-4326-9BBB-961A2CC262B7}"
	ProjectSection(WebsiteProperties) = preProject
		Debug.AspNetCompiler.Debug = "True"
		Release.AspNetCompiler.Debug = "False"
	EndProjectSection
EndProject
Project("{FAE04EC0-301F-11D3-BF4B-00C04F79EFBC}") = "kopilua", "..\kopilua\kopilua.csproj", "{23F7E1DC-87B4-42DC-94E5-64CCCC784EA1}"
	ProjectSection(WebsiteProperties) = preProject
		Debug.AspNetCompiler.Debug = "True"
		Release.AspNetCompiler.Debug = "False"
	EndProjectSection
EndProject
Global
	GlobalSection(SolutionConfigurationPlatforms) = preSolution
		Debug|Any CPU = Debug|Any CPU
		Debug|x64 = Debug|x64
		Release|Any CPU = Release|Any CPU
		Release|x64 = Release|x64
	EndGlobalSection
	GlobalSection(ProjectConfigurationPlatforms) = postSolution
		{2E6418B5-479A-4499-8F08-ABA181D40B89}.Debug|Any CPU.ActiveCfg = Debug|Any CPU
		{2E6418B5-479A-4499-8F08-ABA181D40B89}.Debug|Any CPU.Build.0 = Debug|Any CPU
		{2E6418B5-479A-4499-8F08-ABA181D40B89}.Debug|x64.ActiveCfg = Debug|x64
		{2E6418B5-479A-4499-8F08-ABA181D40B89}.Debug|x64.Build.0 = Debug|x64
		{2E6418B5-479A-4499-8F08-ABA181D40B89}.Release|Any CPU.ActiveCfg = Release|Any CPU
		{2E6418B5-479A-4499-8F08-ABA181D40B89}.Release|Any CPU.Build.0 = Release|Any CPU
		{2E6418B5-479A-4499-8F08-ABA181D40B89}.Release|x64.ActiveCfg = Release|x64
		{2E6418B5-479A-4499-8F08-ABA181D40B89}.Release|x64.Build.0 = Release|x64
		{264D3B8D-D034-4B05-A80B-4664B7DF14C4}.Debug|Any CPU.ActiveCfg = Debug|Any CPU
		{264D3B8D-D034-4B05-A80B-4664B7DF14C4}.Debug|Any CPU.Build.0 = Debug|Any CPU
		{264D3B8D-D034-4B05-A80B-4664B7DF14C4}.Debug|x64.ActiveCfg = Debug|x64
		{264D3B8D-D034-4B05-A80B-4664B7DF14C4}.Debug|x64.Build.0 = Debug|x64
		{264D3B8D-D034-4B05-A80B-4664B7DF14C4}.Release|Any CPU.ActiveCfg = Release|Any CPU
		{264D3B8D-D034-4B05-A80B-4664B7DF14C4}.Release|Any CPU.Build.0 = Release|Any CPU
		{264D3B8D-D034-4B05-A80B-4664B7DF14C4}.Release|x64.ActiveCfg = Release|x64
		{264D3B8D-D034-4B05-A80B-4664B7DF14C4}.Release|x64.Build.0 = Release|x64
		{D6DF7046-DD06-4778-AD7F-9117AA477129}.Debug|Any CPU.ActiveCfg = Debug|Any CPU
		{D6DF7046-DD06-4778-AD7F-9117AA477129}.Debug|Any CPU.Build.0 = Debug|Any CPU
		{D6DF7046-DD06-4778-AD7F-9117AA477129}.Debug|x64.ActiveCfg = Debug|x64
		{D6DF7046-DD06-4778-AD7F-9117AA477129}.Debug|x64.Build.0 = Debug|x64
		{D6DF7046-DD06-4778-AD7F-9117AA477129}.Release|Any CPU.ActiveCfg = Release|Any CPU
		{D6DF7046-DD06-4778-AD7F-9117AA477129}.Release|Any CPU.Build.0 = Release|Any CPU
		{D6DF7046-DD06-4778-AD7F-9117AA477129}.Release|x64.ActiveCfg = Release|x64
		{D6DF7046-DD06-4778-AD7F-9117AA477129}.Release|x64.Build.0 = Release|x64
		{05A8831E-F33B-4326-9BBB-961A2CC262B7}.Debug|Any CPU.ActiveCfg = Debug|Any CPU
		{05A8831E-F33B-4326-9BBB-961A2CC262B7}.Debug|Any CPU.Build.0 = Debug|Any CPU
		{05A8831E-F33B-4326-9BBB-961A2CC262B7}.Debug|x64.ActiveCfg = Debug|x64
		{05A8831E-F33B-4326-9BBB-961A2CC262B7}.Debug|x64.Build.0 = Debug|x64
		{05A8831E-F33B-4326-9BBB-961A2CC262B7}.Release|Any CPU.ActiveCfg = Release|Any CPU
		{05A8831E-F33B-4326-9BBB-961A2CC262B7}.Release|Any CPU.Build.0 = Release|Any CPU
		{05A8831E-F33B-4326-9BBB-961A2CC262B7}.Release|x64.ActiveCfg = Release|x64
		{05A8831E-F33B-4326-9BBB-961A2CC262B7}.Release|x64.Build.0 = Release|x64
		{23F7E1DC-87B4-42DC-94E5-64CCCC784EA1}.Debug|Any CPU.ActiveCfg = Debug|Any CPU
		{23F7E1DC-87B4-42DC-94E5-64CCCC784EA1}.Debug|Any CPU.Build.0 = Debug|Any CPU
		{23F7E1DC-87B4-42DC-94E5-64CCCC784EA1}.Debug|x64.ActiveCfg = Debug|Any CPU
		{23F7E1DC-87B4-42DC-94E5-64CCCC784EA1}.Release|Any CPU.ActiveCfg = Release|Any CPU
		{23F7E1DC-87B4-42DC-94E5-64CCCC784EA1}.Release|Any CPU.Build.0 = Release|Any CPU
		{23F7E1DC-87B4-42DC-94E5-64CCCC784EA1}.Release|x64.ActiveCfg = Release|Any CPU
	EndGlobalSection
	GlobalSection(SolutionProperties) = preSolution
		HideSolutionNode = FALSE
	EndGlobalSection
EndGlobal
